// !$*UTF8*$!
{
	archiveVersion = 1;
	classes = {
	};
	objectVersion = 70;
	objects = {

/* Begin PBXBuildFile section */
		A927E1521FC53AB10024D526 /* Assets.xcassets in Resources */ = {isa = PBXBuildFile; fileRef = A927E1511FC53AB10024D526 /* Assets.xcassets */; };
		A92ED6E32CE92F1A00D40FC4 /* PCVolumeControlApp.swift in Sources */ = {isa = PBXBuildFile; fileRef = A92ED6DA2CE92F1A00D40FC4 /* PCVolumeControlApp.swift */; };
		A9B17AC0000000000000B001 /* PrivacyInfo.xcprivacy in Resources */ = {isa = PBXBuildFile; fileRef = A9B17AC0000000000000F001 /* PrivacyInfo.xcprivacy */; };
		A9B31EA52DF0F3DB00117327 /* Localizable.xcstrings in Resources */ = {isa = PBXBuildFile; fileRef = A9B31EA42DF0F3DB00117327 /* Localizable.xcstrings */; };
		A9F9DEBB2EA59F28003FC66E /* WidgetKit.framework in Frameworks */ = {isa = PBXBuildFile; fileRef = A9F9DEBA2EA59F28003FC66E /* WidgetKit.framework */; };
		A9F9DEBD2EA59F28003FC66E /* SwiftUI.framework in Frameworks */ = {isa = PBXBuildFile; fileRef = A9F9DEBC2EA59F28003FC66E /* SwiftUI.framework */; };
		A9F9DECE2EA59F2A003FC66E /* PcVolumeControlWidgetExtension.appex in Embed Foundation Extensions */ = {isa = PBXBuildFile; fileRef = A9F9DEB82EA59F28003FC66E /* PcVolumeControlWidgetExtension.appex */; settings = {ATTRIBUTES = (RemoveHeadersOnCopy, ); }; };
/* End PBXBuildFile section */

/* Begin PBXContainerItemProxy section */
		A9B31EBF2DF108B200117327 /* PBXContainerItemProxy */ = {
			isa = PBXContainerItemProxy;
			containerPortal = A927E13F1FC53AB10024D526 /* Project object */;
			proxyType = 1;
			remoteGlobalIDString = A927E1461FC53AB10024D526;
			remoteInfo = PcVolumeControl;
		};
		A9F9DECC2EA59F2A003FC66E /* PBXContainerItemProxy */ = {
			isa = PBXContainerItemProxy;
			containerPortal = A927E13F1FC53AB10024D526 /* Project object */;
			proxyType = 1;
			remoteGlobalIDString = A9F9DEB72EA59F28003FC66E;
			remoteInfo = PcVolumeControlWidgetExtension;
		};
		B1000008000000000000AA01 /* PBXContainerItemProxy */ = {
			isa = PBXContainerItemProxy;
			containerPortal = A927E13F1FC53AB10024D526 /* Project object */;
			proxyType = 1;
			remoteGlobalIDString = A927E1461FC53AB10024D526;
			remoteInfo = PcVolumeControl;
		};
/* End PBXContainerItemProxy section */

/* Begin PBXCopyFilesBuildPhase section */
		A9F9DED32EA59F2A003FC66E /* Embed Foundation Extensions */ = {
			isa = PBXCopyFilesBuildPhase;
			buildActionMask = 2147483647;
			dstPath = "";
			dstSubfolderSpec = 13;
			files = (
				A9F9DECE2EA59F2A003FC66E /* PcVolumeControlWidgetExtension.appex in Embed Foundation Extensions */,
			);
			name = "Embed Foundation Extensions";
			runOnlyForDeploymentPostprocessing = 0;
		};
/* End PBXCopyFilesBuildPhase section */

/* Begin PBXFileReference section */
		A927E1471FC53AB10024D526 /* PcVolumeControl.app */ = {isa = PBXFileReference; explicitFileType = wrapper.application; includeInIndex = 0; path = PcVolumeControl.app; sourceTree = BUILT_PRODUCTS_DIR; };
		A927E1511FC53AB10024D526 /* Assets.xcassets */ = {isa = PBXFileReference; lastKnownFileType = folder.assetcatalog; path = Assets.xcassets; sourceTree = "<group>"; };
		A927E1561FC53AB10024D526 /* Info.plist */ = {isa = PBXFileReference; lastKnownFileType = text.plist.xml; path = Info.plist; sourceTree = "<group>"; };
		A92ED6DA2CE92F1A00D40FC4 /* PCVolumeControlApp.swift */ = {isa = PBXFileReference; lastKnownFileType = sourcecode.swift; path = PCVolumeControlApp.swift; sourceTree = "<group>"; };
		A9B17AC0000000000000F001 /* PrivacyInfo.xcprivacy */ = {isa = PBXFileReference; lastKnownFileType = text.plist.xml; path = PrivacyInfo.xcprivacy; sourceTree = "<group>"; };
		A9B31EA42DF0F3DB00117327 /* Localizable.xcstrings */ = {isa = PBXFileReference; lastKnownFileType = text.json.xcstrings; path = Localizable.xcstrings; sourceTree = "<group>"; };
		A9B31EBB2DF108B200117327 /* PcVolumeControlTests.xctest */ = {isa = PBXFileReference; explicitFileType = wrapper.cfbundle; includeInIndex = 0; path = PcVolumeControlTests.xctest; sourceTree = BUILT_PRODUCTS_DIR; };
		A9F9DEB32EA59EE5003FC66E /* PcVolumeControl.entitlements */ = {isa = PBXFileReference; lastKnownFileType = text.plist.entitlements; path = PcVolumeControl.entitlements; sourceTree = "<group>"; };
		A9F9DEB82EA59F28003FC66E /* PcVolumeControlWidgetExtension.appex */ = {isa = PBXFileReference; explicitFileType = "wrapper.app-extension"; includeInIndex = 0; path = PcVolumeControlWidgetExtension.appex; sourceTree = BUILT_PRODUCTS_DIR; };
		A9F9DEBA2EA59F28003FC66E /* WidgetKit.framework */ = {isa = PBXFileReference; lastKnownFileType = wrapper.framework; name = WidgetKit.framework; path = System/Library/Frameworks/WidgetKit.framework; sourceTree = SDKROOT; };
		A9F9DEBC2EA59F28003FC66E /* SwiftUI.framework */ = {isa = PBXFileReference; lastKnownFileType = wrapper.framework; name = SwiftUI.framework; path = System/Library/Frameworks/SwiftUI.framework; sourceTree = SDKROOT; };
		A9F9DED42EA5A056003FC66E /* PcVolumeControlWidgetExtension.entitlements */ = {isa = PBXFileReference; lastKnownFileType = text.plist.entitlements; path = PcVolumeControlWidgetExtension.entitlements; sourceTree = "<group>"; };
		B1000001000000000000AA01 /* PcVolumeControlUITests.xctest */ = {isa = PBXFileReference; explicitFileType = wrapper.cfbundle; includeInIndex = 0; path = PcVolumeControlUITests.xctest; sourceTree = BUILT_PRODUCTS_DIR; };
/* End PBXFileReference section */

/* Begin PBXFileSystemSynchronizedBuildFileExceptionSet section */
		A9B31E692DF00FCE00117327 /* PBXFileSystemSynchronizedBuildFileExceptionSet */ = {
			isa = PBXFileSystemSynchronizedBuildFileExceptionSet;
			membershipExceptions = (
				SavedServerManager.swift,
			);
			target = A927E1461FC53AB10024D526 /* PcVolumeControl */;
		};
		A9B31EC82DF1193C00117327 /* PBXFileSystemSynchronizedBuildFileExceptionSet */ = {
			isa = PBXFileSystemSynchronizedBuildFileExceptionSet;
			membershipExceptions = (
				Info.plist,
			);
			target = A9B31EBA2DF108B200117327 /* PcVolumeControlTests */;
		};
		A9F9DED22EA59F2A003FC66E /* PBXFileSystemSynchronizedBuildFileExceptionSet */ = {
			isa = PBXFileSystemSynchronizedBuildFileExceptionSet;
			membershipExceptions = (
				Info.plist,
			);
			target = A9F9DEB72EA59F28003FC66E /* PcVolumeControlWidgetExtension */;
		};
		A9F9DED62EA5A125003FC66E /* PBXFileSystemSynchronizedBuildFileExceptionSet */ = {
			isa = PBXFileSystemSynchronizedBuildFileExceptionSet;
			membershipExceptions = (
				Log.swift,
				SharedConnectionState.swift,
			);
			target = A9F9DEB72EA59F28003FC66E /* PcVolumeControlWidgetExtension */;
		};
		B1000003000000000000AA01 /* PBXFileSystemSynchronizedBuildFileExceptionSet */ = {
			isa = PBXFileSystemSynchronizedBuildFileExceptionSet;
			membershipExceptions = (
				Info.plist,
			);
			target = B1000007000000000000AA01 /* PcVolumeControlUITests */;
		};
/* End PBXFileSystemSynchronizedBuildFileExceptionSet section */

/* Begin PBXFileSystemSynchronizedRootGroup section */
		A9B31E642DECC25900117327 /* models */ = {isa = PBXFileSystemSynchronizedRootGroup; exceptions = (A9F9DED62EA5A125003FC66E /* PBXFileSystemSynchronizedBuildFileExceptionSet */, ); explicitFileTypes = {}; explicitFolders = (); path = models; sourceTree = "<group>"; };
		A9B31E652DF00C4800117327 /* datasources */ = {isa = PBXFileSystemSynchronizedRootGroup; explicitFileTypes = {}; explicitFolders = (); path = datasources; sourceTree = "<group>"; };
		A9B31E662DF00C7B00117327 /* views */ = {isa = PBXFileSystemSynchronizedRootGroup; explicitFileTypes = {}; explicitFolders = (); path = views; sourceTree = "<group>"; };
		A9B31E672DF00C8A00117327 /* repos */ = {isa = PBXFileSystemSynchronizedRootGroup; exceptions = (A9B31E692DF00FCE00117327 /* PBXFileSystemSynchronizedBuildFileExceptionSet */, ); explicitFileTypes = {}; explicitFolders = (); path = repos; sourceTree = "<group>"; };
		A9B31E7E2DF01A1500117327 /* usecases */ = {isa = PBXFileSystemSynchronizedRootGroup; explicitFileTypes = {}; explicitFolders = (); path = usecases; sourceTree = "<group>"; };
		A9B31EBC2DF108B200117327 /* PcVolumeControlTests */ = {isa = PBXFileSystemSynchronizedRootGroup; exceptions = (A9B31EC82DF1193C00117327 /* PBXFileSystemSynchronizedBuildFileExceptionSet */, ); explicitFileTypes = {}; explicitFolders = (); path = PcVolumeControlTests; sourceTree = "<group>"; };
		A9C1EAD12DF01A1500117327 /* viewmodels */ = {isa = PBXFileSystemSynchronizedRootGroup; explicitFileTypes = {}; explicitFolders = (); path = viewmodels; sourceTree = "<group>"; };
		A9F9DEBE2EA59F28003FC66E /* PcVolumeControlWidget */ = {isa = PBXFileSystemSynchronizedRootGroup; exceptions = (A9F9DED22EA59F2A003FC66E /* PBXFileSystemSynchronizedBuildFileExceptionSet */, ); explicitFileTypes = {}; explicitFolders = (); path = PcVolumeControlWidget; sourceTree = "<group>"; };
		B1000002000000000000AA01 /* PcVolumeControlUITests */ = {isa = PBXFileSystemSynchronizedRootGroup; exceptions = (B1000003000000000000AA01 /* PBXFileSystemSynchronizedBuildFileExceptionSet */, ); explicitFileTypes = {}; explicitFolders = (); path = PcVolumeControlUITests; sourceTree = "<group>"; };
/* End PBXFileSystemSynchronizedRootGroup section */

/* Begin PBXFrameworksBuildPhase section */
		A927E1441FC53AB10024D526 /* Frameworks */ = {
			isa = PBXFrameworksBuildPhase;
			buildActionMask = 2147483647;
			files = (
			);
			runOnlyForDeploymentPostprocessing = 0;
		};
		A9B31EB82DF108B200117327 /* Frameworks */ = {
			isa = PBXFrameworksBuildPhase;
			buildActionMask = 2147483647;
			files = (
			);
			runOnlyForDeploymentPostprocessing = 0;
		};
		A9F9DEB52EA59F28003FC66E /* Frameworks */ = {
			isa = PBXFrameworksBuildPhase;
			buildActionMask = 2147483647;
			files = (
				A9F9DEBD2EA59F28003FC66E /* SwiftUI.framework in Frameworks */,
				A9F9DEBB2EA59F28003FC66E /* WidgetKit.framework in Frameworks */,
			);
			runOnlyForDeploymentPostprocessing = 0;
		};
		B1000004000000000000AA01 /* Frameworks */ = {
			isa = PBXFrameworksBuildPhase;
			buildActionMask = 2147483647;
			files = (
			);
			runOnlyForDeploymentPostprocessing = 0;
		};
/* End PBXFrameworksBuildPhase section */

/* Begin PBXGroup section */
		A927E13E1FC53AB10024D526 = {
			isa = PBXGroup;
			children = (
				A9F9DED42EA5A056003FC66E /* PcVolumeControlWidgetExtension.entitlements */,
				A9B31EA42DF0F3DB00117327 /* Localizable.xcstrings */,
				A927E1491FC53AB10024D526 /* PcVolumeControl */,
				A9B31EBC2DF108B200117327 /* PcVolumeControlTests */,
				A9F9DEBE2EA59F28003FC66E /* PcVolumeControlWidget */,
				B1000002000000000000AA01 /* PcVolumeControlUITests */,
				A9F9DEB92EA59F28003FC66E /* Frameworks */,
				A927E1481FC53AB10024D526 /* Products */,
			);
			sourceTree = "<group>";
		};
		A927E1481FC53AB10024D526 /* Products */ = {
			isa = PBXGroup;
			children = (
				A927E1471FC53AB10024D526 /* PcVolumeControl.app */,
				A9B31EBB2DF108B200117327 /* PcVolumeControlTests.xctest */,
				A9F9DEB82EA59F28003FC66E /* PcVolumeControlWidgetExtension.appex */,
				B1000001000000000000AA01 /* PcVolumeControlUITests.xctest */,
			);
			name = Products;
			sourceTree = "<group>";
		};
		A927E1491FC53AB10024D526 /* PcVolumeControl */ = {
			isa = PBXGroup;
			children = (
				A9F9DEB32EA59EE5003FC66E /* PcVolumeControl.entitlements */,
				A9B31E7E2DF01A1500117327 /* usecases */,
				A9B31E672DF00C8A00117327 /* repos */,
				A9B31E662DF00C7B00117327 /* views */,
				A9B31E652DF00C4800117327 /* datasources */,
				A9B31E642DECC25900117327 /* models */,
				A9C1EAD12DF01A1500117327 /* viewmodels */,
				A927E1511FC53AB10024D526 /* Assets.xcassets */,
				A927E1561FC53AB10024D526 /* Info.plist */,
				A9B17AC0000000000000F001 /* PrivacyInfo.xcprivacy */,
				A92ED6DA2CE92F1A00D40FC4 /* PCVolumeControlApp.swift */,
			);
			path = PcVolumeControl;
			sourceTree = "<group>";
		};
		A9F9DEB92EA59F28003FC66E /* Frameworks */ = {
			isa = PBXGroup;
			children = (
				A9F9DEBA2EA59F28003FC66E /* WidgetKit.framework */,
				A9F9DEBC2EA59F28003FC66E /* SwiftUI.framework */,
			);
			name = Frameworks;
			sourceTree = "<group>";
		};
/* End PBXGroup section */

/* Begin PBXNativeTarget section */
		A927E1461FC53AB10024D526 /* PcVolumeControl */ = {
			isa = PBXNativeTarget;
			buildConfigurationList = A927E16F1FC53AB10024D526 /* Build configuration list for PBXNativeTarget "PcVolumeControl" */;
			buildPhases = (
				A927E1431FC53AB10024D526 /* Sources */,
				A927E1441FC53AB10024D526 /* Frameworks */,
				A927E1451FC53AB10024D526 /* Resources */,
				A9F9DED32EA59F2A003FC66E /* Embed Foundation Extensions */,
			);
			buildRules = (
			);
			dependencies = (
				A9F9DECD2EA59F2A003FC66E /* PBXTargetDependency */,
			);
			fileSystemSynchronizedGroups = (
				A9B31E642DECC25900117327 /* models */,
				A9B31E652DF00C4800117327 /* datasources */,
				A9B31E662DF00C7B00117327 /* views */,
				A9B31E672DF00C8A00117327 /* repos */,
				A9B31E7E2DF01A1500117327 /* usecases */,
				A9C1EAD12DF01A1500117327 /* viewmodels */,
			);
			name = PcVolumeControl;
			productName = PcVolumeControl;
			productReference = A927E1471FC53AB10024D526 /* PcVolumeControl.app */;
			productType = "com.apple.product-type.application";
		};
		A9B31EBA2DF108B200117327 /* PcVolumeControlTests */ = {
			isa = PBXNativeTarget;
			buildConfigurationList = A9B31EC12DF108B200117327 /* Build configuration list for PBXNativeTarget "PcVolumeControlTests" */;
			buildPhases = (
				A9B31EB72DF108B200117327 /* Sources */,
				A9B31EB82DF108B200117327 /* Frameworks */,
				A9B31EB92DF108B200117327 /* Resources */,
			);
			buildRules = (
			);
			dependencies = (
				A9B31EC02DF108B200117327 /* PBXTargetDependency */,
			);
			fileSystemSynchronizedGroups = (
				A9B31EBC2DF108B200117327 /* PcVolumeControlTests */,
			);
			name = PcVolumeControlTests;
			packageProductDependencies = (
			);
			productName = PcVolumeControlTests;
			productReference = A9B31EBB2DF108B200117327 /* PcVolumeControlTests.xctest */;
			productType = "com.apple.product-type.bundle.unit-test";
		};
		A9F9DEB72EA59F28003FC66E /* PcVolumeControlWidgetExtension */ = {
			isa = PBXNativeTarget;
			buildConfigurationList = A9F9DECF2EA59F2A003FC66E /* Build configuration list for PBXNativeTarget "PcVolumeControlWidgetExtension" */;
			buildPhases = (
				A9F9DEB42EA59F28003FC66E /* Sources */,
				A9F9DEB52EA59F28003FC66E /* Frameworks */,
				A9F9DEB62EA59F28003FC66E /* Resources */,
			);
			buildRules = (
			);
			dependencies = (
			);
			fileSystemSynchronizedGroups = (
				A9F9DEBE2EA59F28003FC66E /* PcVolumeControlWidget */,
			);
			name = PcVolumeControlWidgetExtension;
			packageProductDependencies = (
			);
			productName = PcVolumeControlWidgetExtension;
			productReference = A9F9DEB82EA59F28003FC66E /* PcVolumeControlWidgetExtension.appex */;
			productType = "com.apple.product-type.app-extension";
		};
		B1000007000000000000AA01 /* PcVolumeControlUITests */ = {
			isa = PBXNativeTarget;
			buildConfigurationList = B100000C000000000000AA01 /* Build configuration list for PBXNativeTarget "PcVolumeControlUITests" */;
			buildPhases = (
				B1000006000000000000AA01 /* Sources */,
				B1000004000000000000AA01 /* Frameworks */,
				B1000005000000000000AA01 /* Resources */,
			);
			buildRules = (
			);
			dependencies = (
				B1000009000000000000AA01 /* PBXTargetDependency */,
			);
			fileSystemSynchronizedGroups = (
				B1000002000000000000AA01 /* PcVolumeControlUITests */,
			);
			name = PcVolumeControlUITests;
			productName = PcVolumeControlUITests;
			productReference = B1000001000000000000AA01 /* PcVolumeControlUITests.xctest */;
			productType = "com.apple.product-type.bundle.ui-testing";
		};
/* End PBXNativeTarget section */

/* Begin PBXProject section */
		A927E13F1FC53AB10024D526 /* Project object */ = {
			isa = PBXProject;
			attributes = {
				BuildIndependentTargetsInParallel = YES;
				LastSwiftUpdateCheck = 2600;
				LastUpgradeCheck = 2600;
				ORGANIZATIONNAME = PcVolumeControl;
				TargetAttributes = {
					A927E1461FC53AB10024D526 = {
						CreatedOnToolsVersion = 7.3.1;
						DevelopmentTeam = BP75F4S5N3;
						LastSwiftMigration = 1620;
						ProvisioningStyle = Automatic;
					};
					A9B31EBA2DF108B200117327 = {
						CreatedOnToolsVersion = 16.2;
						TestTargetID = A927E1461FC53AB10024D526;
					};
					A9F9DEB72EA59F28003FC66E = {
						CreatedOnToolsVersion = 26.0.1;
					};
					B1000007000000000000AA01 = {
						CreatedOnToolsVersion = 26.0.1;
						TestTargetID = A927E1461FC53AB10024D526;
					};
				};
			};
			buildConfigurationList = A927E1421FC53AB10024D526 /* Build configuration list for PBXProject "PcVolumeControl" */;
			compatibilityVersion = "Xcode 3.2";
			developmentRegion = en;
			hasScannedForEncodings = 0;
			knownRegions = (
				en,
				Base,
			);
			mainGroup = A927E13E1FC53AB10024D526;
			productRefGroup = A927E1481FC53AB10024D526 /* Products */;
			projectDirPath = "";
			projectRoot = "";
			targets = (
				A927E1461FC53AB10024D526 /* PcVolumeControl */,
				A9B31EBA2DF108B200117327 /* PcVolumeControlTests */,
				A9F9DEB72EA59F28003FC66E /* PcVolumeControlWidgetExtension */,
				B1000007000000000000AA01 /* PcVolumeControlUITests */,
			);
		};
/* End PBXProject section */

/* Begin PBXResourcesBuildPhase section */
		A927E1451FC53AB10024D526 /* Resources */ = {
			isa = PBXResourcesBuildPhase;
			buildActionMask = 2147483647;
			files = (
				A927E1521FC53AB10024D526 /* Assets.xcassets in Resources */,
				A9B17AC0000000000000B001 /* PrivacyInfo.xcprivacy in Resources */,
				A9B31EA52DF0F3DB00117327 /* Localizable.xcstrings in Resources */,
			);
			runOnlyForDeploymentPostprocessing = 0;
		};
		A9B31EB92DF108B200117327 /* Resources */ = {
			isa = PBXResourcesBuildPhase;
			buildActionMask = 2147483647;
			files = (
			);
			runOnlyForDeploymentPostprocessing = 0;
		};
		A9F9DEB62EA59F28003FC66E /* Resources */ = {
			isa = PBXResourcesBuildPhase;
			buildActionMask = 2147483647;
			files = (
			);
			runOnlyForDeploymentPostprocessing = 0;
		};
		B1000005000000000000AA01 /* Resources */ = {
			isa = PBXResourcesBuildPhase;
			buildActionMask = 2147483647;
			files = (
			);
			runOnlyForDeploymentPostprocessing = 0;
		};
/* End PBXResourcesBuildPhase section */

/* Begin PBXSourcesBuildPhase section */
		A927E1431FC53AB10024D526 /* Sources */ = {
			isa = PBXSourcesBuildPhase;
			buildActionMask = 2147483647;
			files = (
				A92ED6E32CE92F1A00D40FC4 /* PCVolumeControlApp.swift in Sources */,
			);
			runOnlyForDeploymentPostprocessing = 0;
		};
		A9B31EB72DF108B200117327 /* Sources */ = {
			isa = PBXSourcesBuildPhase;
			buildActionMask = 2147483647;
			files = (
			);
			runOnlyForDeploymentPostprocessing = 0;
		};
		A9F9DEB42EA59F28003FC66E /* Sources */ = {
			isa = PBXSourcesBuildPhase;
			buildActionMask = 2147483647;
			files = (
			);
			runOnlyForDeploymentPostprocessing = 0;
		};
		B1000006000000000000AA01 /* Sources */ = {
			isa = PBXSourcesBuildPhase;
			buildActionMask = 2147483647;
			files = (
			);
			runOnlyForDeploymentPostprocessing = 0;
		};
/* End PBXSourcesBuildPhase section */

/* Begin PBXTargetDependency section */
		A9B31EC02DF108B200117327 /* PBXTargetDependency */ = {
			isa = PBXTargetDependency;
			target = A927E1461FC53AB10024D526 /* PcVolumeControl */;
			targetProxy = A9B31EBF2DF108B200117327 /* PBXContainerItemProxy */;
		};
		A9F9DECD2EA59F2A003FC66E /* PBXTargetDependency */ = {
			isa = PBXTargetDependency;
			target = A9F9DEB72EA59F28003FC66E /* PcVolumeControlWidgetExtension */;
			targetProxy = A9F9DECC2EA59F2A003FC66E /* PBXContainerItemProxy */;
		};
		B1000009000000000000AA01 /* PBXTargetDependency */ = {
			isa = PBXTargetDependency;
			target = A927E1461FC53AB10024D526 /* PcVolumeControl */;
			targetProxy = B1000008000000000000AA01 /* PBXContainerItemProxy */;
		};
/* End PBXTargetDependency section */

/* Begin XCBuildConfiguration section */
		A927E16D1FC53AB10024D526 /* Debug */ = {
			isa = XCBuildConfiguration;
			buildSettings = {
				ALWAYS_SEARCH_USER_PATHS = NO;
				ASSETCATALOG_COMPILER_GENERATE_SWIFT_ASSET_SYMBOL_EXTENSIONS = YES;
				CLANG_ANALYZER_LOCALIZABILITY_NONLOCALIZED = YES;
				CLANG_ANALYZER_NONNULL = YES;
				CLANG_CXX_LANGUAGE_STANDARD = "gnu++0x";
				CLANG_CXX_LIBRARY = "libc++";
				CLANG_ENABLE_MODULES = YES;
				CLANG_ENABLE_OBJC_ARC = YES;
				CLANG_WARN_BLOCK_CAPTURE_AUTORELEASING = YES;
				CLANG_WARN_BOOL_CONVERSION = YES;
				CLANG_WARN_COMMA = YES;
				CLANG_WARN_CONSTANT_CONVERSION = YES;
				CLANG_WARN_DEPRECATED_OBJC_IMPLEMENTATIONS = YES;
				CLANG_WARN_DIRECT_OBJC_ISA_USAGE = YES_ERROR;
				CLANG_WARN_EMPTY_BODY = YES;
				CLANG_WARN_ENUM_CONVERSION = YES;
				CLANG_WARN_INFINITE_RECURSION = YES;
				CLANG_WARN_INT_CONVERSION = YES;
				CLANG_WARN_NON_LITERAL_NULL_CONVERSION = YES;
				CLANG_WARN_OBJC_IMPLICIT_RETAIN_SELF = YES;
				CLANG_WARN_OBJC_LITERAL_CONVERSION = YES;
				CLANG_WARN_OBJC_ROOT_CLASS = YES_ERROR;
				CLANG_WARN_QUOTED_INCLUDE_IN_FRAMEWORK_HEADER = YES;
				CLANG_WARN_RANGE_LOOP_ANALYSIS = YES;
				CLANG_WARN_STRICT_PROTOTYPES = YES;
				CLANG_WARN_SUSPICIOUS_MOVE = YES;
				CLANG_WARN_UNREACHABLE_CODE = YES;
				CLANG_WARN__DUPLICATE_METHOD_MATCH = YES;
				"CODE_SIGN_IDENTITY[sdk=iphoneos*]" = "Apple Development";
				COPY_PHASE_STRIP = NO;
				DEBUG_INFORMATION_FORMAT = dwarf;
				DEVELOPMENT_TEAM = BP75F4S5N3;
				ENABLE_STRICT_OBJC_MSGSEND = YES;
				ENABLE_TESTABILITY = YES;
				ENABLE_USER_SCRIPT_SANDBOXING = YES;
				FRAMEWORK_SEARCH_PATHS = "$(SRCROOT)";
				GCC_C_LANGUAGE_STANDARD = gnu99;
				GCC_DYNAMIC_NO_PIC = NO;
				GCC_NO_COMMON_BLOCKS = YES;
				GCC_OPTIMIZATION_LEVEL = 0;
				GCC_PREPROCESSOR_DEFINITIONS = (
					"DEBUG=1",
					"$(inherited)",
				);
				GCC_WARN_64_TO_32_BIT_CONVERSION = YES;
				GCC_WARN_ABOUT_RETURN_TYPE = YES_ERROR;
				GCC_WARN_UNDECLARED_SELECTOR = YES;
				GCC_WARN_UNINITIALIZED_AUTOS = YES_AGGRESSIVE;
				GCC_WARN_UNUSED_FUNCTION = YES;
				GCC_WARN_UNUSED_VARIABLE = YES;
				IPHONEOS_DEPLOYMENT_TARGET = 26.0;
				MTL_ENABLE_DEBUG_INFO = YES;
				ONLY_ACTIVE_ARCH = YES;
				SDKROOT = iphoneos;
				STRING_CATALOG_GENERATE_SYMBOLS = YES;
				SWIFT_EMIT_LOC_STRINGS = YES;
				SWIFT_OPTIMIZATION_LEVEL = "-Onone";
				SWIFT_VERSION = 5.0;
				TARGETED_DEVICE_FAMILY = "1,2";
			};
			name = Debug;
		};
		A927E16E1FC53AB10024D526 /* Release */ = {
			isa = XCBuildConfiguration;
			buildSettings = {
				ALWAYS_SEARCH_USER_PATHS = NO;
				ASSETCATALOG_COMPILER_GENERATE_SWIFT_ASSET_SYMBOL_EXTENSIONS = YES;
				CLANG_ANALYZER_LOCALIZABILITY_NONLOCALIZED = YES;
				CLANG_ANALYZER_NONNULL = YES;
				CLANG_CXX_LANGUAGE_STANDARD = "gnu++0x";
				CLANG_CXX_LIBRARY = "libc++";
				CLANG_ENABLE_MODULES = YES;
				CLANG_ENABLE_OBJC_ARC = YES;
				CLANG_WARN_BLOCK_CAPTURE_AUTORELEASING = YES;
				CLANG_WARN_BOOL_CONVERSION = YES;
				CLANG_WARN_COMMA = YES;
				CLANG_WARN_CONSTANT_CONVERSION = YES;
				CLANG_WARN_DEPRECATED_OBJC_IMPLEMENTATIONS = YES;
				CLANG_WARN_DIRECT_OBJC_ISA_USAGE = YES_ERROR;
				CLANG_WARN_EMPTY_BODY = YES;
				CLANG_WARN_ENUM_CONVERSION = YES;
				CLANG_WARN_INFINITE_RECURSION = YES;
				CLANG_WARN_INT_CONVERSION = YES;
				CLANG_WARN_NON_LITERAL_NULL_CONVERSION = YES;
				CLANG_WARN_OBJC_IMPLICIT_RETAIN_SELF = YES;
				CLANG_WARN_OBJC_LITERAL_CONVERSION = YES;
				CLANG_WARN_OBJC_ROOT_CLASS = YES_ERROR;
				CLANG_WARN_QUOTED_INCLUDE_IN_FRAMEWORK_HEADER = YES;
				CLANG_WARN_RANGE_LOOP_ANALYSIS = YES;
				CLANG_WARN_STRICT_PROTOTYPES = YES;
				CLANG_WARN_SUSPICIOUS_MOVE = YES;
				CLANG_WARN_UNREACHABLE_CODE = YES;
				CLANG_WARN__DUPLICATE_METHOD_MATCH = YES;
				"CODE_SIGN_IDENTITY[sdk=iphoneos*]" = "Apple Development";
				COPY_PHASE_STRIP = NO;
				DEBUG_INFORMATION_FORMAT = "dwarf-with-dsym";
				DEVELOPMENT_TEAM = BP75F4S5N3;
				ENABLE_NS_ASSERTIONS = NO;
				ENABLE_STRICT_OBJC_MSGSEND = YES;
				ENABLE_USER_SCRIPT_SANDBOXING = YES;
				FRAMEWORK_SEARCH_PATHS = "$(SRCROOT)";
				GCC_C_LANGUAGE_STANDARD = gnu99;
				GCC_NO_COMMON_BLOCKS = YES;
				GCC_WARN_64_TO_32_BIT_CONVERSION = YES;
				GCC_WARN_ABOUT_RETURN_TYPE = YES_ERROR;
				GCC_WARN_UNDECLARED_SELECTOR = YES;
				GCC_WARN_UNINITIALIZED_AUTOS = YES_AGGRESSIVE;
				GCC_WARN_UNUSED_FUNCTION = YES;
				GCC_WARN_UNUSED_VARIABLE = YES;
				IPHONEOS_DEPLOYMENT_TARGET = 26.0;
				MTL_ENABLE_DEBUG_INFO = NO;
				SDKROOT = iphoneos;
				STRING_CATALOG_GENERATE_SYMBOLS = YES;
				SWIFT_COMPILATION_MODE = wholemodule;
				SWIFT_EMIT_LOC_STRINGS = YES;
				SWIFT_OPTIMIZATION_LEVEL = "-O";
				SWIFT_VERSION = 5.0;
				TARGETED_DEVICE_FAMILY = "1,2";
				VALIDATE_PRODUCT = YES;
			};
			name = Release;
		};
		A927E1701FC53AB10024D526 /* Debug */ = {
			isa = XCBuildConfiguration;
			buildSettings = {
				ASSETCATALOG_COMPILER_APPICON_NAME = AppIcon;
				CLANG_ENABLE_MODULES = YES;
				CODE_SIGN_ENTITLEMENTS = PcVolumeControl/PcVolumeControl.entitlements;
				"CODE_SIGN_IDENTITY[sdk=iphoneos*]" = "iPhone Developer";
				CODE_SIGN_STYLE = Manual;
				CURRENT_PROJECT_VERSION = 2;
				"DEVELOPMENT_TEAM[sdk=*]" = BP75F4S5N3;
				"DEVELOPMENT_TEAM[sdk=iphoneos*]" = BP75F4S5N3;
				FRAMEWORK_SEARCH_PATHS = (
					"$(inherited)",
					"$(SRCROOT)/**",
				);
				INFOPLIST_FILE = PcVolumeControl/Info.plist;
				IPHONEOS_DEPLOYMENT_TARGET = 26.0;
				LD_RUNPATH_SEARCH_PATHS = (
					"$(inherited)",
					"@executable_path/Frameworks",
				);
				MARKETING_VERSION = 2.0;
				PRODUCT_BUNDLE_IDENTIFIER = moronbros.PcVolumeControl;
				PRODUCT_NAME = "$(TARGET_NAME)";
				PROVISIONING_PROFILE_SPECIFIER = "";
				"PROVISIONING_PROFILE_SPECIFIER[sdk=*]" = "";
				"PROVISIONING_PROFILE_SPECIFIER[sdk=iphoneos*]" = "match Development moronbros.PcVolumeControl";
				SUPPORTED_PLATFORMS = "iphoneos iphonesimulator";
				SUPPORTS_MACCATALYST = NO;
				SUPPORTS_MAC_DESIGNED_FOR_IPHONE_IPAD = NO;
				SUPPORTS_XR_DESIGNED_FOR_IPHONE_IPAD = NO;
				SWIFT_ACTIVE_COMPILATION_CONDITIONS = "DEBUG $(inherited)";
				SWIFT_OPTIMIZATION_LEVEL = "-Onone";
				SWIFT_VERSION = 5.0;
				TARGETED_DEVICE_FAMILY = "1,2";
			};
			name = Debug;
		};
		A927E1711FC53AB10024D526 /* Release */ = {
			isa = XCBuildConfiguration;
			buildSettings = {
				ASSETCATALOG_COMPILER_APPICON_NAME = AppIcon;
				CLANG_ENABLE_MODULES = YES;
				CODE_SIGN_ENTITLEMENTS = PcVolumeControl/PcVolumeControl.entitlements;
				"CODE_SIGN_IDENTITY[sdk=iphoneos*]" = "iPhone Developer";
				CODE_SIGN_STYLE = Manual;
				CURRENT_PROJECT_VERSION = 2;
				"DEVELOPMENT_TEAM[sdk=iphoneos*]" = BP75F4S5N3;
				FRAMEWORK_SEARCH_PATHS = (
					"$(inherited)",
					"$(SRCROOT)",
				);
				INFOPLIST_FILE = PcVolumeControl/Info.plist;
				IPHONEOS_DEPLOYMENT_TARGET = 26.0;
				LD_RUNPATH_SEARCH_PATHS = (
					"$(inherited)",
					"@executable_path/Frameworks",
				);
				MARKETING_VERSION = 2.0;
				PRODUCT_BUNDLE_IDENTIFIER = moronbros.PcVolumeControl;
				PRODUCT_NAME = "$(TARGET_NAME)";
				PROVISIONING_PROFILE_SPECIFIER = "";
				"PROVISIONING_PROFILE_SPECIFIER[sdk=iphoneos*]" = "match Development moronbros.PcVolumeControl";
				SUPPORTED_PLATFORMS = "iphoneos iphonesimulator";
				SUPPORTS_MACCATALYST = NO;
				SUPPORTS_MAC_DESIGNED_FOR_IPHONE_IPAD = NO;
				SUPPORTS_XR_DESIGNED_FOR_IPHONE_IPAD = NO;
				SWIFT_VERSION = 5.0;
				TARGETED_DEVICE_FAMILY = "1,2";
			};
			name = Release;
		};
		A9B31EC22DF108B200117327 /* Debug */ = {
			isa = XCBuildConfiguration;
			buildSettings = {
				BUNDLE_LOADER = "$(TEST_HOST)";
				CLANG_ANALYZER_NUMBER_OBJECT_CONVERSION = YES_AGGRESSIVE;
				CLANG_CXX_LANGUAGE_STANDARD = "gnu++20";
				CLANG_ENABLE_OBJC_WEAK = YES;
				CLANG_WARN_DOCUMENTATION_COMMENTS = YES;
				CLANG_WARN_UNGUARDED_AVAILABILITY = YES_AGGRESSIVE;
				CODE_SIGN_STYLE = Automatic;
				CURRENT_PROJECT_VERSION = 2;
				GCC_C_LANGUAGE_STANDARD = gnu17;
				GENERATE_INFOPLIST_FILE = YES;
				IPHONEOS_DEPLOYMENT_TARGET = 26.0;
				LOCALIZATION_PREFERS_STRING_CATALOGS = YES;
				MARKETING_VERSION = 2.0;
				MTL_ENABLE_DEBUG_INFO = INCLUDE_SOURCE;
				MTL_FAST_MATH = YES;
				PRODUCT_BUNDLE_IDENTIFIER = moronbros.PcVolumeControlTests;
				PRODUCT_NAME = "$(TARGET_NAME)";
				SUPPORTED_PLATFORMS = "iphoneos iphonesimulator";
				SUPPORTS_MACCATALYST = NO;
				SUPPORTS_MAC_DESIGNED_FOR_IPHONE_IPAD = NO;
				SUPPORTS_XR_DESIGNED_FOR_IPHONE_IPAD = NO;
				SWIFT_ACTIVE_COMPILATION_CONDITIONS = "DEBUG $(inherited)";
				SWIFT_EMIT_LOC_STRINGS = NO;
				SWIFT_VERSION = 5.0;
				TARGETED_DEVICE_FAMILY = 1;
				TEST_HOST = "$(BUILT_PRODUCTS_DIR)/PcVolumeControl.app/$(BUNDLE_EXECUTABLE_FOLDER_PATH)/PcVolumeControl";
			};
			name = Debug;
		};
		A9B31EC32DF108B200117327 /* Release */ = {
			isa = XCBuildConfiguration;
			buildSettings = {
				BUNDLE_LOADER = "$(TEST_HOST)";
				CLANG_ANALYZER_NUMBER_OBJECT_CONVERSION = YES_AGGRESSIVE;
				CLANG_CXX_LANGUAGE_STANDARD = "gnu++20";
				CLANG_ENABLE_OBJC_WEAK = YES;
				CLANG_WARN_DOCUMENTATION_COMMENTS = YES;
				CLANG_WARN_UNGUARDED_AVAILABILITY = YES_AGGRESSIVE;
				CODE_SIGN_STYLE = Automatic;
				CURRENT_PROJECT_VERSION = 2;
				GCC_C_LANGUAGE_STANDARD = gnu17;
				GENERATE_INFOPLIST_FILE = YES;
				IPHONEOS_DEPLOYMENT_TARGET = 26.0;
				LOCALIZATION_PREFERS_STRING_CATALOGS = YES;
				MARKETING_VERSION = 2.0;
				MTL_FAST_MATH = YES;
				PRODUCT_BUNDLE_IDENTIFIER = moronbros.PcVolumeControlTests;
				PRODUCT_NAME = "$(TARGET_NAME)";
				SUPPORTED_PLATFORMS = "iphoneos iphonesimulator";
				SUPPORTS_MACCATALYST = NO;
				SUPPORTS_MAC_DESIGNED_FOR_IPHONE_IPAD = NO;
				SUPPORTS_XR_DESIGNED_FOR_IPHONE_IPAD = NO;
				SWIFT_EMIT_LOC_STRINGS = NO;
				SWIFT_VERSION = 5.0;
				TARGETED_DEVICE_FAMILY = 1;
				TEST_HOST = "$(BUILT_PRODUCTS_DIR)/PcVolumeControl.app/$(BUNDLE_EXECUTABLE_FOLDER_PATH)/PcVolumeControl";
			};
			name = Release;
		};
		A9F9DED02EA59F2A003FC66E /* Debug */ = {
			isa = XCBuildConfiguration;
			buildSettings = {
				ASSETCATALOG_COMPILER_GLOBAL_ACCENT_COLOR_NAME = AccentColor;
				ASSETCATALOG_COMPILER_WIDGET_BACKGROUND_COLOR_NAME = WidgetBackground;
				CLANG_ANALYZER_NUMBER_OBJECT_CONVERSION = YES_AGGRESSIVE;
				CLANG_CXX_LANGUAGE_STANDARD = "gnu++20";
				CLANG_ENABLE_OBJC_WEAK = YES;
				CLANG_WARN_DOCUMENTATION_COMMENTS = YES;
				CLANG_WARN_UNGUARDED_AVAILABILITY = YES_AGGRESSIVE;
				CODE_SIGN_ENTITLEMENTS = PcVolumeControlWidgetExtension.entitlements;
				"CODE_SIGN_IDENTITY[sdk=iphoneos*]" = "iPhone Developer";
				CODE_SIGN_STYLE = Manual;
				CURRENT_PROJECT_VERSION = 2;
				"DEVELOPMENT_TEAM[sdk=iphoneos*]" = BP75F4S5N3;
				GCC_C_LANGUAGE_STANDARD = gnu17;
				GENERATE_INFOPLIST_FILE = YES;
				INFOPLIST_FILE = PcVolumeControlWidget/Info.plist;
				INFOPLIST_KEY_CFBundleDisplayName = PcVolumeControlWidget;
				INFOPLIST_KEY_NSHumanReadableCopyright = "Copyright © 2025 PcVolumeControl. All rights reserved.";
				IPHONEOS_DEPLOYMENT_TARGET = 26.0;
				LD_RUNPATH_SEARCH_PATHS = (
					"$(inherited)",
					"@executable_path/Frameworks",
					"@executable_path/../../Frameworks",
				);
				LOCALIZATION_PREFERS_STRING_CATALOGS = YES;
				MARKETING_VERSION = 2.0;
				MTL_ENABLE_DEBUG_INFO = INCLUDE_SOURCE;
				MTL_FAST_MATH = YES;
				PRODUCT_BUNDLE_IDENTIFIER = moronbros.PcVolumeControl.PcVolumeControlWidget;
				PRODUCT_NAME = "$(TARGET_NAME)";
				"PROVISIONING_PROFILE_SPECIFIER[sdk=iphoneos*]" = "match Development moronbros.PcVolumeControl.PcVolumeControlWidget";
				SKIP_INSTALL = YES;
				STRING_CATALOG_GENERATE_SYMBOLS = YES;
				SUPPORTED_PLATFORMS = "iphoneos iphonesimulator";
				SUPPORTS_MACCATALYST = NO;
				SUPPORTS_MAC_DESIGNED_FOR_IPHONE_IPAD = NO;
				SUPPORTS_XR_DESIGNED_FOR_IPHONE_IPAD = NO;
				SWIFT_ACTIVE_COMPILATION_CONDITIONS = "DEBUG $(inherited)";
				SWIFT_APPROACHABLE_CONCURRENCY = YES;
				SWIFT_EMIT_LOC_STRINGS = YES;
				SWIFT_UPCOMING_FEATURE_MEMBER_IMPORT_VISIBILITY = YES;
				SWIFT_VERSION = 5.0;
				TARGETED_DEVICE_FAMILY = "1,2";
			};
			name = Debug;
		};
		A9F9DED12EA59F2A003FC66E /* Release */ = {
			isa = XCBuildConfiguration;
			buildSettings = {
				ASSETCATALOG_COMPILER_GLOBAL_ACCENT_COLOR_NAME = AccentColor;
				ASSETCATALOG_COMPILER_WIDGET_BACKGROUND_COLOR_NAME = WidgetBackground;
				CLANG_ANALYZER_NUMBER_OBJECT_CONVERSION = YES_AGGRESSIVE;
				CLANG_CXX_LANGUAGE_STANDARD = "gnu++20";
				CLANG_ENABLE_OBJC_WEAK = YES;
				CLANG_WARN_DOCUMENTATION_COMMENTS = YES;
				CLANG_WARN_UNGUARDED_AVAILABILITY = YES_AGGRESSIVE;
				CODE_SIGN_ENTITLEMENTS = PcVolumeControlWidgetExtension.entitlements;
				"CODE_SIGN_IDENTITY[sdk=iphoneos*]" = "iPhone Developer";
				CODE_SIGN_STYLE = Manual;
				CURRENT_PROJECT_VERSION = 2;
				"DEVELOPMENT_TEAM[sdk=iphoneos*]" = BP75F4S5N3;
				GCC_C_LANGUAGE_STANDARD = gnu17;
				GENERATE_INFOPLIST_FILE = YES;
				INFOPLIST_FILE = PcVolumeControlWidget/Info.plist;
				INFOPLIST_KEY_CFBundleDisplayName = PcVolumeControlWidget;
				INFOPLIST_KEY_NSHumanReadableCopyright = "Copyright © 2025 PcVolumeControl. All rights reserved.";
				IPHONEOS_DEPLOYMENT_TARGET = 26.0;
				LD_RUNPATH_SEARCH_PATHS = (
					"$(inherited)",
					"@executable_path/Frameworks",
					"@executable_path/../../Frameworks",
				);
				LOCALIZATION_PREFERS_STRING_CATALOGS = YES;
				MARKETING_VERSION = 2.0;
				MTL_FAST_MATH = YES;
				PRODUCT_BUNDLE_IDENTIFIER = moronbros.PcVolumeControl.PcVolumeControlWidget;
				PRODUCT_NAME = "$(TARGET_NAME)";
				"PROVISIONING_PROFILE_SPECIFIER[sdk=iphoneos*]" = "match Development moronbros.PcVolumeControl.PcVolumeControlWidget";
				SKIP_INSTALL = YES;
				STRING_CATALOG_GENERATE_SYMBOLS = YES;
				SUPPORTED_PLATFORMS = "iphoneos iphonesimulator";
				SUPPORTS_MACCATALYST = NO;
				SUPPORTS_MAC_DESIGNED_FOR_IPHONE_IPAD = NO;
				SUPPORTS_XR_DESIGNED_FOR_IPHONE_IPAD = NO;
				SWIFT_APPROACHABLE_CONCURRENCY = YES;
				SWIFT_EMIT_LOC_STRINGS = YES;
				SWIFT_UPCOMING_FEATURE_MEMBER_IMPORT_VISIBILITY = YES;
				SWIFT_VERSION = 5.0;
				TARGETED_DEVICE_FAMILY = "1,2";
			};
			name = Release;
		};
		B100000A000000000000AA01 /* Debug */ = {
			isa = XCBuildConfiguration;
			buildSettings = {
				CLANG_ANALYZER_NUMBER_OBJECT_CONVERSION = YES_AGGRESSIVE;
				CLANG_CXX_LANGUAGE_STANDARD = "gnu++20";
				CLANG_ENABLE_OBJC_WEAK = YES;
				CLANG_WARN_DOCUMENTATION_COMMENTS = YES;
				CLANG_WARN_UNGUARDED_AVAILABILITY = YES_AGGRESSIVE;
				CODE_SIGN_STYLE = Automatic;
				CURRENT_PROJECT_VERSION = 2;
				GCC_C_LANGUAGE_STANDARD = gnu17;
				GENERATE_INFOPLIST_FILE = YES;
				IPHONEOS_DEPLOYMENT_TARGET = 26.0;
				LOCALIZATION_PREFERS_STRING_CATALOGS = YES;
				MARKETING_VERSION = 2.0;
				MTL_ENABLE_DEBUG_INFO = INCLUDE_SOURCE;
				MTL_FAST_MATH = YES;
				PRODUCT_BUNDLE_IDENTIFIER = moronbros.PcVolumeControlUITests;
				PRODUCT_NAME = "$(TARGET_NAME)";
				SUPPORTED_PLATFORMS = "iphoneos iphonesimulator";
				SUPPORTS_MACCATALYST = NO;
				SUPPORTS_MAC_DESIGNED_FOR_IPHONE_IPAD = NO;
				SUPPORTS_XR_DESIGNED_FOR_IPHONE_IPAD = NO;
				SWIFT_ACTIVE_COMPILATION_CONDITIONS = "DEBUG $(inherited)";
				SWIFT_EMIT_LOC_STRINGS = NO;
				SWIFT_VERSION = 5.0;
				TARGETED_DEVICE_FAMILY = 1;
				TEST_TARGET_NAME = PcVolumeControl;
			};
			name = Debug;
		};
		B100000B000000000000AA01 /* Release */ = {
			isa = XCBuildConfiguration;
			buildSettings = {
				CLANG_ANALYZER_NUMBER_OBJECT_CONVERSION = YES_AGGRESSIVE;
				CLANG_CXX_LANGUAGE_STANDARD = "gnu++20";
				CLANG_ENABLE_OBJC_WEAK = YES;
				CLANG_WARN_DOCUMENTATION_COMMENTS = YES;
				CLANG_WARN_UNGUARDED_AVAILABILITY = YES_AGGRESSIVE;
				CODE_SIGN_STYLE = Automatic;
				CURRENT_PROJECT_VERSION = 2;
				GCC_C_LANGUAGE_STANDARD = gnu17;
				GENERATE_INFOPLIST_FILE = YES;
				IPHONEOS_DEPLOYMENT_TARGET = 26.0;
				LOCALIZATION_PREFERS_STRING_CATALOGS = YES;
				MARKETING_VERSION = 2.0;
				MTL_FAST_MATH = YES;
				PRODUCT_BUNDLE_IDENTIFIER = moronbros.PcVolumeControlUITests;
				PRODUCT_NAME = "$(TARGET_NAME)";
				SUPPORTED_PLATFORMS = "iphoneos iphonesimulator";
				SUPPORTS_MACCATALYST = NO;
				SUPPORTS_MAC_DESIGNED_FOR_IPHONE_IPAD = NO;
				SUPPORTS_XR_DESIGNED_FOR_IPHONE_IPAD = NO;
				SWIFT_EMIT_LOC_STRINGS = NO;
				SWIFT_VERSION = 5.0;
				TARGETED_DEVICE_FAMILY = 1;
				TEST_TARGET_NAME = PcVolumeControl;
			};
			name = Release;
		};
/* End XCBuildConfiguration section */

/* Begin XCConfigurationList section */
		A927E1421FC53AB10024D526 /* Build configuration list for PBXProject "PcVolumeControl" */ = {
			isa = XCConfigurationList;
			buildConfigurations = (
				A927E16D1FC53AB10024D526 /* Debug */,
				A927E16E1FC53AB10024D526 /* Release */,
			);
			defaultConfigurationIsVisible = 0;
			defaultConfigurationName = Debug;
		};
		A927E16F1FC53AB10024D526 /* Build configuration list for PBXNativeTarget "PcVolumeControl" */ = {
			isa = XCConfigurationList;
			buildConfigurations = (
				A927E1701FC53AB10024D526 /* Debug */,
				A927E1711FC53AB10024D526 /* Release */,
			);
			defaultConfigurationIsVisible = 0;
			defaultConfigurationName = Debug;
		};
		A9B31EC12DF108B200117327 /* Build configuration list for PBXNativeTarget "PcVolumeControlTests" */ = {
			isa = XCConfigurationList;
			buildConfigurations = (
				A9B31EC22DF108B200117327 /* Debug */,
				A9B31EC32DF108B200117327 /* Release */,
			);
			defaultConfigurationIsVisible = 0;
			defaultConfigurationName = Debug;
		};
		A9F9DECF2EA59F2A003FC66E /* Build configuration list for PBXNativeTarget "PcVolumeControlWidgetExtension" */ = {
			isa = XCConfigurationList;
			buildConfigurations = (
				A9F9DED02EA59F2A003FC66E /* Debug */,
				A9F9DED12EA59F2A003FC66E /* Release */,
			);
			defaultConfigurationIsVisible = 0;
			defaultConfigurationName = Debug;
		};
		B100000C000000000000AA01 /* Build configuration list for PBXNativeTarget "PcVolumeControlUITests" */ = {
			isa = XCConfigurationList;
			buildConfigurations = (
				B100000A000000000000AA01 /* Debug */,
				B100000B000000000000AA01 /* Release */,
			);
			defaultConfigurationIsVisible = 0;
			defaultConfigurationName = Debug;
		};
/* End XCConfigurationList section */
	};
	rootObject = A927E13F1FC53AB10024D526 /* Project object */;
}
